{
  "name": "GunFile",
  "lockfileVersion": 3,
  "requires": true,
  "packages": {
    "": {
      "dependencies": {
        "gun": "^0.2020.1239",
        "vue": "^3.3.4"
      }
    },
    "node_modules/@babel/parser": {
      "version": "7.22.10",
      "resolved": "https://registry.npmmirror.com/@babel/parser/-/parser-7.22.10.tgz",
      "integrity": "sha512-lNbdGsQb9ekfsnjFGhEiF4hfFqGgfOP3H3d27re3n+CGhNuTSUEQdfWk556sTLNTloczcdM5TYF2LhzmDQKyvQ==",
      "bin": {
        "parser": "bin/babel-parser.js"
      },
      "engines": {
        "node": ">=6.0.0"
      }
    },
    "node_modules/@jridgewell/sourcemap-codec": {
      "version": "1.4.15",
      "resolved": "https://registry.npmmirror.com/@jridgewell/sourcemap-codec/-/sourcemap-codec-1.4.15.tgz",
      "integrity": "sha512-eF2rxCRulEKXHTRiDrDy6erMYWqNw4LPdQ8UQA4huuxaQsVeRPFl2oM8oDGxMFhJUWZf9McpLtJasDDZb/Bpeg=="
    },
    "node_modules/@peculiar/asn1-schema": {
      "version": "2.3.6",
      "resolved": "https://registry.npmmirror.com/@peculiar/asn1-schema/-/asn1-schema-2.3.6.tgz",
      "integrity": "sha512-izNRxPoaeJeg/AyH8hER6s+H7p4itk+03QCa4sbxI3lNdseQYCuxzgsuNK8bTXChtLTjpJz6NmXKA73qLa3rCA==",
      "optional": true,
      "dependencies": {
        "asn1js": "^3.0.5",
        "pvtsutils": "^1.3.2",
        "tslib": "^2.4.0"
      }
    },
    "node_modules/@peculiar/json-schema": {
      "version": "1.1.12",
      "resolved": "https://registry.npmmirror.com/@peculiar/json-schema/-/json-schema-1.1.12.tgz",
      "integrity": "sha512-coUfuoMeIB7B8/NMekxaDzLhaYmp0HZNPEjYRm9goRou8UZIC3z21s0sL9AWoCw4EG876QyO3kYrc61WNF9B/w==",
      "optional": true,
      "dependencies": {
        "tslib": "^2.0.0"
      },
      "engines": {
        "node": ">=8.0.0"
      }
    },
    "node_modules/@peculiar/webcrypto": {
      "version": "1.4.3",
      "resolved": "https://registry.npmmirror.com/@peculiar/webcrypto/-/webcrypto-1.4.3.tgz",
      "integrity": "sha512-VtaY4spKTdN5LjJ04im/d/joXuvLbQdgy5Z4DXF4MFZhQ+MTrejbNMkfZBp1Bs3O5+bFqnJgyGdPuZQflvIa5A==",
      "optional": true,
      "dependencies": {
        "@peculiar/asn1-schema": "^2.3.6",
        "@peculiar/json-schema": "^1.1.12",
        "pvtsutils": "^1.3.2",
        "tslib": "^2.5.0",
        "webcrypto-core": "^1.7.7"
      },
      "engines": {
        "node": ">=10.12.0"
      }
    },
    "node_modules/@vue/compiler-core": {
      "version": "3.3.4",
      "resolved": "https://registry.npmmirror.com/@vue/compiler-core/-/compiler-core-3.3.4.tgz",
      "integrity": "sha512-cquyDNvZ6jTbf/+x+AgM2Arrp6G4Dzbb0R64jiG804HRMfRiFXWI6kqUVqZ6ZR0bQhIoQjB4+2bhNtVwndW15g==",
      "dependencies": {
        "@babel/parser": "^7.21.3",
        "@vue/shared": "3.3.4",
        "estree-walker": "^2.0.2",
        "source-map-js": "^1.0.2"
      }
    },
    "node_modules/@vue/compiler-dom": {
      "version": "3.3.4",
      "resolved": "https://registry.npmmirror.com/@vue/compiler-dom/-/compiler-dom-3.3.4.tgz",
      "integrity": "sha512-wyM+OjOVpuUukIq6p5+nwHYtj9cFroz9cwkfmP9O1nzH68BenTTv0u7/ndggT8cIQlnBeOo6sUT/gvHcIkLA5w==",
      "dependencies": {
        "@vue/compiler-core": "3.3.4",
        "@vue/shared": "3.3.4"
      }
    },
    "node_modules/@vue/compiler-sfc": {
      "version": "3.3.4",
      "resolved": "https://registry.npmmirror.com/@vue/compiler-sfc/-/compiler-sfc-3.3.4.tgz",
      "integrity": "sha512-6y/d8uw+5TkCuzBkgLS0v3lSM3hJDntFEiUORM11pQ/hKvkhSKZrXW6i69UyXlJQisJxuUEJKAWEqWbWsLeNKQ==",
      "dependencies": {
        "@babel/parser": "^7.20.15",
        "@vue/compiler-core": "3.3.4",
        "@vue/compiler-dom": "3.3.4",
        "@vue/compiler-ssr": "3.3.4",
        "@vue/reactivity-transform": "3.3.4",
        "@vue/shared": "3.3.4",
        "estree-walker": "^2.0.2",
        "magic-string": "^0.30.0",
        "postcss": "^8.1.10",
        "source-map-js": "^1.0.2"
      }
    },
    "node_modules/@vue/compiler-ssr": {
      "version": "3.3.4",
      "resolved": "https://registry.npmmirror.com/@vue/compiler-ssr/-/compiler-ssr-3.3.4.tgz",
      "integrity": "sha512-m0v6oKpup2nMSehwA6Uuu+j+wEwcy7QmwMkVNVfrV9P2qE5KshC6RwOCq8fjGS/Eak/uNb8AaWekfiXxbBB6gQ==",
      "dependencies": {
        "@vue/compiler-dom": "3.3.4",
        "@vue/shared": "3.3.4"
      }
    },
    "node_modules/@vue/reactivity": {
      "version": "3.3.4",
      "resolved": "https://registry.npmmirror.com/@vue/reactivity/-/reactivity-3.3.4.tgz",
      "integrity": "sha512-kLTDLwd0B1jG08NBF3R5rqULtv/f8x3rOFByTDz4J53ttIQEDmALqKqXY0J+XQeN0aV2FBxY8nJDf88yvOPAqQ==",
      "dependencies": {
        "@vue/shared": "3.3.4"
      }
    },
    "node_modules/@vue/reactivity-transform": {
      "version": "3.3.4",
      "resolved": "https://registry.npmmirror.com/@vue/reactivity-transform/-/reactivity-transform-3.3.4.tgz",
      "integrity": "sha512-MXgwjako4nu5WFLAjpBnCj/ieqcjE2aJBINUNQzkZQfzIZA4xn+0fV1tIYBJvvva3N3OvKGofRLvQIwEQPpaXw==",
      "dependencies": {
        "@babel/parser": "^7.20.15",
        "@vue/compiler-core": "3.3.4",
        "@vue/shared": "3.3.4",
        "estree-walker": "^2.0.2",
        "magic-string": "^0.30.0"
      }
    },
    "node_modules/@vue/runtime-core": {
      "version": "3.3.4",
      "resolved": "https://registry.npmmirror.com/@vue/runtime-core/-/runtime-core-3.3.4.tgz",
      "integrity": "sha512-R+bqxMN6pWO7zGI4OMlmvePOdP2c93GsHFM/siJI7O2nxFRzj55pLwkpCedEY+bTMgp5miZ8CxfIZo3S+gFqvA==",
      "dependencies": {
        "@vue/reactivity": "3.3.4",
        "@vue/shared": "3.3.4"
      }
    },
    "node_modules/@vue/runtime-dom": {
      "version": "3.3.4",
      "resolved": "https://registry.npmmirror.com/@vue/runtime-dom/-/runtime-dom-3.3.4.tgz",
      "integrity": "sha512-Aj5bTJ3u5sFsUckRghsNjVTtxZQ1OyMWCr5dZRAPijF/0Vy4xEoRCwLyHXcj4D0UFbJ4lbx3gPTgg06K/GnPnQ==",
      "dependencies": {
        "@vue/runtime-core": "3.3.4",
        "@vue/shared": "3.3.4",
        "csstype": "^3.1.1"
      }
    },
    "node_modules/@vue/server-renderer": {
      "version": "3.3.4",
      "resolved": "https://registry.npmmirror.com/@vue/server-renderer/-/server-renderer-3.3.4.tgz",
      "integrity": "sha512-Q6jDDzR23ViIb67v+vM1Dqntu+HUexQcsWKhhQa4ARVzxOY2HbC7QRW/ggkDBd5BU+uM1sV6XOAP0b216o34JQ==",
      "dependencies": {
        "@vue/compiler-ssr": "3.3.4",
        "@vue/shared": "3.3.4"
      },
      "peerDependencies": {
        "vue": "3.3.4"
      }
    },
    "node_modules/@vue/shared": {
      "version": "3.3.4",
      "resolved": "https://registry.npmmirror.com/@vue/shared/-/shared-3.3.4.tgz",
      "integrity": "sha512-7OjdcV8vQ74eiz1TZLzZP4JwqM5fA94K6yntPS5Z25r9HDuGNzaGdgvwKYq6S+MxwF0TFRwe50fIR/MYnakdkQ=="
    },
    "node_modules/asn1js": {
      "version": "3.0.5",
      "resolved": "https://registry.npmmirror.com/asn1js/-/asn1js-3.0.5.tgz",
      "integrity": "sha512-FVnvrKJwpt9LP2lAMl8qZswRNm3T4q9CON+bxldk2iwk3FFpuwhx2FfinyitizWHsVYyaY+y5JzDR0rCMV5yTQ==",
      "optional": true,
      "dependencies": {
        "pvtsutils": "^1.3.2",
        "pvutils": "^1.1.3",
        "tslib": "^2.4.0"
      },
      "engines": {
        "node": ">=12.0.0"
      }
    },
    "node_modules/csstype": {
      "version": "3.1.2",
      "resolved": "https://registry.npmmirror.com/csstype/-/csstype-3.1.2.tgz",
      "integrity": "sha512-I7K1Uu0MBPzaFKg4nI5Q7Vs2t+3gWWW648spaF+Rg7pI9ds18Ugn+lvg4SHczUdKlHI5LWBXyqfS8+DufyBsgQ=="
    },
    "node_modules/estree-walker": {
      "version": "2.0.2",
      "resolved": "https://registry.npmmirror.com/estree-walker/-/estree-walker-2.0.2.tgz",
      "integrity": "sha512-Rfkk/Mp/DL7JVje3u18FxFujQlTNR2q6QfMSMB7AvCBx91NGj/ba3kCfza0f6dVDbw7YlRf/nDrn7pQrCCyQ/w=="
    },
    "node_modules/gun": {
      "version": "0.2020.1239",
      "resolved": "https://registry.npmmirror.com/gun/-/gun-0.2020.1239.tgz",
      "integrity": "sha512-e4BsRL4P6oLT1m7G+0H8VhhdfFEHhcPc5tOnmgTO6q9ZQrT+Q0B5XKrpAV3NcuLq3SpnOevlz6+Ul5CVaavcXQ==",
      "dependencies": {
        "ws": "^7.2.1"
      },
      "engines": {
        "node": ">=0.8.4"
      },
      "optionalDependencies": {
        "@peculiar/webcrypto": "^1.1.1"
      }
    },
    "node_modules/magic-string": {
      "version": "0.30.2",
      "resolved": "https://registry.npmmirror.com/magic-string/-/magic-string-0.30.2.tgz",
      "integrity": "sha512-lNZdu7pewtq/ZvWUp9Wpf/x7WzMTsR26TWV03BRZrXFsv+BI6dy8RAiKgm1uM/kyR0rCfUcqvOlXKG66KhIGug==",
      "dependencies": {
        "@jridgewell/sourcemap-codec": "^1.4.15"
      },
      "engines": {
        "node": ">=12"
      }
    },
    "node_modules/nanoid": {
      "version": "3.3.6",
      "resolved": "https://registry.npmmirror.com/nanoid/-/nanoid-3.3.6.tgz",
      "integrity": "sha512-BGcqMMJuToF7i1rt+2PWSNVnWIkGCU78jBG3RxO/bZlnZPK2Cmi2QaffxGO/2RvWi9sL+FAiRiXMgsyxQ1DIDA==",
      "bin": {
        "nanoid": "bin/nanoid.cjs"
      },
      "engines": {
        "node": "^10 || ^12 || ^13.7 || ^14 || >=15.0.1"
      }
    },
    "node_modules/picocolors": {
      "version": "1.0.0",
      "resolved": "https://registry.npmmirror.com/picocolors/-/picocolors-1.0.0.tgz",
      "integrity": "sha512-1fygroTLlHu66zi26VoTDv8yRgm0Fccecssto+MhsZ0D/DGW2sm8E8AjW7NU5VVTRt5GxbeZ5qBuJr+HyLYkjQ=="
    },
    "node_modules/postcss": {
      "version": "8.4.27",
      "resolved": "https://registry.npmmirror.com/postcss/-/postcss-8.4.27.tgz",
      "integrity": "sha512-gY/ACJtJPSmUFPDCHtX78+01fHa64FaU4zaaWfuh1MhGJISufJAH4cun6k/8fwsHYeK4UQmENQK+tRLCFJE8JQ==",
      "dependencies": {
        "nanoid": "^3.3.6",
        "picocolors": "^1.0.0",
        "source-map-js": "^1.0.2"
      },
      "engines": {
        "node": "^10 || ^12 || >=14"
      }
    },
    "node_modules/pvtsutils": {
      "version": "1.3.3",
      "resolved": "https://registry.npmmirror.com/pvtsutils/-/pvtsutils-1.3.3.tgz",
      "integrity": "sha512-6sAOMlXyrJ+8tRN5IAaYfuYZRp1C2uJ0SyDynEFxL+VY8kCRib9Lpj/+KPaNFpaQWr/iRik5nrzz6iaNlxgEGA==",
      "optional": true,
      "dependencies": {
        "tslib": "^2.6.1"
      }
    },
    "node_modules/pvutils": {
      "version": "1.1.3",
      "resolved": "https://registry.npmmirror.com/pvutils/-/pvutils-1.1.3.tgz",
      "integrity": "sha512-pMpnA0qRdFp32b1sJl1wOJNxZLQ2cbQx+k6tjNtZ8CpvVhNqEPRgivZ2WOUev2YMajecdH7ctUPDvEe87nariQ==",
      "optional": true,
      "engines": {
        "node": ">=6.0.0"
      }
    },
    "node_modules/source-map-js": {
      "version": "1.0.2",
      "resolved": "https://registry.npmmirror.com/source-map-js/-/source-map-js-1.0.2.tgz",
      "integrity": "sha512-R0XvVJ9WusLiqTCEiGCmICCMplcCkIwwR11mOSD9CR5u+IXYdiseeEuXCVAjS54zqwkLcPNnmU4OeJ6tUrWhDw==",
      "engines": {
        "node": ">=0.10.0"
      }
    },
    "node_modules/tslib": {
      "version": "2.6.1",
      "resolved": "https://registry.npmmirror.com/tslib/-/tslib-2.6.1.tgz",
      "integrity": "sha512-t0hLfiEKfMUoqhG+U1oid7Pva4bbDPHYfJNiB7BiIjRkj1pyC++4N3huJfqY6aRH6VTB0rvtzQwjM4K6qpfOig==",
      "optional": true
    },
    "node_modules/vue": {
      "version": "3.3.4",
      "resolved": "https://registry.npmmirror.com/vue/-/vue-3.3.4.tgz",
      "integrity": "sha512-VTyEYn3yvIeY1Py0WaYGZsXnz3y5UnGi62GjVEqvEGPl6nxbOrCXbVOTQWBEJUqAyTUk2uJ5JLVnYJ6ZzGbrSw==",
      "dependencies": {
        "@vue/compiler-dom": "3.3.4",
        "@vue/compiler-sfc": "3.3.4",
        "@vue/runtime-dom": "3.3.4",
        "@vue/server-renderer": "3.3.4",
        "@vue/shared": "3.3.4"
      }
    },
    "node_modules/webcrypto-core": {
      "version": "1.7.7",
      "resolved": "https://registry.npmmirror.com/webcrypto-core/-/webcrypto-core-1.7.7.tgz",
      "integrity": "sha512-7FjigXNsBfopEj+5DV2nhNpfic2vumtjjgPmeDKk45z+MJwXKKfhPB7118Pfzrmh4jqOMST6Ch37iPAHoImg5g==",
      "optional": true,
      "dependencies": {
        "@peculiar/asn1-schema": "^2.3.6",
        "@peculiar/json-schema": "^1.1.12",
        "asn1js": "^3.0.1",
        "pvtsutils": "^1.3.2",
        "tslib": "^2.4.0"
      }
    },
    "node_modules/ws": {
      "version": "7.5.9",
      "resolved": "https://registry.npmmirror.com/ws/-/ws-7.5.9.tgz",
      "integrity": "sha512-F+P9Jil7UiSKSkppIiD94dN07AwvFixvLIj1Og1Rl9GGMuNipJnV9JzjD6XuqmAeiswGvUmNLjr5cFuXwNS77Q==",
      "engines": {
        "node": ">=8.3.0"
      },
      "peerDependencies": {
        "bufferutil": "^4.0.1",
        "utf-8-validate": "^5.0.2"
      },
      "peerDependenciesMeta": {
        "bufferutil": {
          "optional": true
        },
        "utf-8-validate": {
          "optional": true
        }
      }
    }
  }
}
